
Microsoft Visual Studio Solution File, Format Version 12.00
# Visual Studio Version 16
VisualStudioVersion = 16.0.31105.61
MinimumVisualStudioVersion = 10.0.40219.1
Project("{9A19103F-16F7-4668-BE54-9A1E7A4F7556}") = "BasketService.Api", "BasketService.Api.csproj", "{5784C576-A61B-46AD-9EE1-E1B0F32432F1}"
EndProject
Global
	GlobalSection(SolutionConfigurationPlatforms) = preSolution
		Debug|Any CPU = Debug|Any CPU
		Release|Any CPU = Release|Any CPU
	EndGlobalSection
	GlobalSection(ProjectConfigurationPlatforms) = postSolution
		{5784C576-A61B-46AD-9EE1-E1B0F32432F1}.Debug|Any CPU.ActiveCfg = Debug|Any CPU
		{5784C576-A61B-46AD-9EE1-E1B0F32432F1}.Debug|Any CPU.Build.0 = Debug|Any CPU
		{5784C576-A61B-46AD-9EE1-E1B0F32432F1}.Release|Any CPU.ActiveCfg = Release|Any CPU
		{5784C576-A61B-46AD-9EE1-E1B0F32432F1}.Release|Any CPU.Build.0 = Release|Any CPU
	EndGlobalSection
	GlobalSection(SolutionProperties) = preSolution
		HideSolutionNode = FALSE
	EndGlobalSection
	GlobalSection(ExtensibilityGlobals) = postSolution
		SolutionGuid = {20053BB0-1367-43C7-93E1-CF3E2C6D1EBB}
	EndGlobalSection
EndGlobal
